
Microsoft Visual Studio Solution File, Format Version 12.00
# Visual Studio Version 16
VisualStudioVersion = 16.0.31624.102
MinimumVisualStudioVersion = 10.0.40219.1
Project("{9A19103F-16F7-4668-BE54-9A1E7A4F7556}") = "StockData.Trend", "StockData.Trend\StockData.Trend.csproj", "{7ADC216D-B828-4123-A800-DBBC633DF5A1}"
EndProject
Project("{9A19103F-16F7-4668-BE54-9A1E7A4F7556}") = "StockData.Data", "StockData.Data\StockData.Data.csproj", "{3FE085F8-8DE8-4B76-8F6D-A1502765FFE2}"
EndProject
Project("{9A19103F-16F7-4668-BE54-9A1E7A4F7556}") = "StockData.Worker", "StockData.Worker\StockData.Worker.csproj", "{39BF622E-752F-4A62-9689-4D9F7D4223FD}"
EndProject
Global
	GlobalSection(SolutionConfigurationPlatforms) = preSolution
		Debug|Any CPU = Debug|Any CPU
		Release|Any CPU = Release|Any CPU
	EndGlobalSection
	GlobalSection(ProjectConfigurationPlatforms) = postSolution
		{7ADC216D-B828-4123-A800-DBBC633DF5A1}.Debug|Any CPU.ActiveCfg = Debug|Any CPU
		{7ADC216D-B828-4123-A800-DBBC633DF5A1}.Debug|Any CPU.Build.0 = Debug|Any CPU
		{7ADC216D-B828-4123-A800-DBBC633DF5A1}.Release|Any CPU.ActiveCfg = Release|Any CPU
		{7ADC216D-B828-4123-A800-DBBC633DF5A1}.Release|Any CPU.Build.0 = Release|Any CPU
		{3FE085F8-8DE8-4B76-8F6D-A1502765FFE2}.Debug|Any CPU.ActiveCfg = Debug|Any CPU
		{3FE085F8-8DE8-4B76-8F6D-A1502765FFE2}.Debug|Any CPU.Build.0 = Debug|Any CPU
		{3FE085F8-8DE8-4B76-8F6D-A1502765FFE2}.Release|Any CPU.ActiveCfg = Release|Any CPU
		{3FE085F8-8DE8-4B76-8F6D-A1502765FFE2}.Release|Any CPU.Build.0 = Release|Any CPU
		{39BF622E-752F-4A62-9689-4D9F7D4223FD}.Debug|Any CPU.ActiveCfg = Debug|Any CPU
		{39BF622E-752F-4A62-9689-4D9F7D4223FD}.Debug|Any CPU.Build.0 = Debug|Any CPU
		{39BF622E-752F-4A62-9689-4D9F7D4223FD}.Release|Any CPU.ActiveCfg = Release|Any CPU
		{39BF622E-752F-4A62-9689-4D9F7D4223FD}.Release|Any CPU.Build.0 = Release|Any CPU
	EndGlobalSection
	GlobalSection(SolutionProperties) = preSolution
		HideSolutionNode = FALSE
	EndGlobalSection
	GlobalSection(ExtensibilityGlobals) = postSolution
		SolutionGuid = {86CED9EC-312F-47DE-9638-9DC1628C9FF8}
	EndGlobalSection
EndGlobal
