
Microsoft Visual Studio Solution File, Format Version 12.00
# Visual Studio Version 16
VisualStudioVersion = 16.0.31624.102
MinimumVisualStudioVersion = 10.0.40219.1
Project("{FAE04EC0-301F-11D3-BF4B-00C04F79EFBC}") = "FinalProject.Web", "FinalProject.Web\FinalProject.Web.csproj", "{2C9757A2-53FC-457B-B283-60D666B7C886}"
EndProject
Global
	GlobalSection(SolutionConfigurationPlatforms) = preSolution
		Debug|Any CPU = Debug|Any CPU
		Release|Any CPU = Release|Any CPU
	EndGlobalSection
	GlobalSection(ProjectConfigurationPlatforms) = postSolution
		{2C9757A2-53FC-457B-B283-60D666B7C886}.Debug|Any CPU.ActiveCfg = Debug|Any CPU
		{2C9757A2-53FC-457B-B283-60D666B7C886}.Debug|Any CPU.Build.0 = Debug|Any CPU
		{2C9757A2-53FC-457B-B283-60D666B7C886}.Release|Any CPU.ActiveCfg = Release|Any CPU
		{2C9757A2-53FC-457B-B283-60D666B7C886}.Release|Any CPU.Build.0 = Release|Any CPU
	EndGlobalSection
	GlobalSection(SolutionProperties) = preSolution
		HideSolutionNode = FALSE
	EndGlobalSection
	GlobalSection(ExtensibilityGlobals) = postSolution
		SolutionGuid = {700CD5F9-107A-4FBB-A2B9-0EAFC519597D}
	EndGlobalSection
EndGlobal
