
Microsoft Visual Studio Solution File, Format Version 12.00
# Visual Studio Version 16
VisualStudioVersion = 16.0.31321.278
MinimumVisualStudioVersion = 10.0.40219.1
Project("{9A19103F-16F7-4668-BE54-9A1E7A4F7556}") = "MVC.Web", "MVC.Web\MVC.Web.csproj", "{14A042D4-1925-4A6D-A6F6-1F99E421589A}"
EndProject
Project("{9A19103F-16F7-4668-BE54-9A1E7A4F7556}") = "MVC.Data", "MVC.Data\MVC.Data.csproj", "{ED36E7A7-58F1-443B-92E5-C20113C9C888}"
EndProject
Project("{FAE04EC0-301F-11D3-BF4B-00C04F79EFBC}") = "MVC.Training", "MVC.Training\MVC.Training.csproj", "{14104FB1-45C7-419B-B4E2-9F9E1EBECA91}"
EndProject
Global
	GlobalSection(SolutionConfigurationPlatforms) = preSolution
		Debug|Any CPU = Debug|Any CPU
		Release|Any CPU = Release|Any CPU
	EndGlobalSection
	GlobalSection(ProjectConfigurationPlatforms) = postSolution
		{14A042D4-1925-4A6D-A6F6-1F99E421589A}.Debug|Any CPU.ActiveCfg = Debug|Any CPU
		{14A042D4-1925-4A6D-A6F6-1F99E421589A}.Debug|Any CPU.Build.0 = Debug|Any CPU
		{14A042D4-1925-4A6D-A6F6-1F99E421589A}.Release|Any CPU.ActiveCfg = Release|Any CPU
		{14A042D4-1925-4A6D-A6F6-1F99E421589A}.Release|Any CPU.Build.0 = Release|Any CPU
		{ED36E7A7-58F1-443B-92E5-C20113C9C888}.Debug|Any CPU.ActiveCfg = Debug|Any CPU
		{ED36E7A7-58F1-443B-92E5-C20113C9C888}.Debug|Any CPU.Build.0 = Debug|Any CPU
		{ED36E7A7-58F1-443B-92E5-C20113C9C888}.Release|Any CPU.ActiveCfg = Release|Any CPU
		{ED36E7A7-58F1-443B-92E5-C20113C9C888}.Release|Any CPU.Build.0 = Release|Any CPU
		{14104FB1-45C7-419B-B4E2-9F9E1EBECA91}.Debug|Any CPU.ActiveCfg = Debug|Any CPU
		{14104FB1-45C7-419B-B4E2-9F9E1EBECA91}.Debug|Any CPU.Build.0 = Debug|Any CPU
		{14104FB1-45C7-419B-B4E2-9F9E1EBECA91}.Release|Any CPU.ActiveCfg = Release|Any CPU
		{14104FB1-45C7-419B-B4E2-9F9E1EBECA91}.Release|Any CPU.Build.0 = Release|Any CPU
	EndGlobalSection
	GlobalSection(SolutionProperties) = preSolution
		HideSolutionNode = FALSE
	EndGlobalSection
	GlobalSection(ExtensibilityGlobals) = postSolution
		SolutionGuid = {9BEDAB80-28EF-4A9B-8734-6209A765BDCC}
	EndGlobalSection
EndGlobal
