
Microsoft Visual Studio Solution File, Format Version 12.00
# Visual Studio Version 16
VisualStudioVersion = 16.0.31205.134
MinimumVisualStudioVersion = 10.0.40219.1
Project("{2150E333-8FDC-42A3-9474-1A3956D46DE8}") = "class2", "class2", "{5038F1E5-7A8E-4051-8F60-1095E9197ABA}"
EndProject
Project("{2150E333-8FDC-42A3-9474-1A3956D46DE8}") = "class3", "class3", "{E6C521AA-65E3-41F8-A831-F7BADBC68DEA}"
EndProject
Project("{9A19103F-16F7-4668-BE54-9A1E7A4F7556}") = "Event", "Event\Event.csproj", "{E5266201-0659-4BD8-9F30-53EC7467FB9D}"
EndProject
Project("{9A19103F-16F7-4668-BE54-9A1E7A4F7556}") = "EventExamole2", "EventExamoleTwo\EventExamole2.csproj", "{311D6386-7CE4-4D03-BA96-D692CFC18B9D}"
EndProject
Project("{2150E333-8FDC-42A3-9474-1A3956D46DE8}") = "Events", "Events", "{658713D3-CC9D-4944-ADA2-D3F04AD44322}"
EndProject
Project("{2150E333-8FDC-42A3-9474-1A3956D46DE8}") = "Linq", "Linq", "{E70D915E-5702-4AA8-8580-D8B6C6053C94}"
EndProject
Project("{9A19103F-16F7-4668-BE54-9A1E7A4F7556}") = "Linq_MSDN", "Linq_MSDN\Linq_MSDN.csproj", "{7F342890-D2B4-4A55-91B3-17901EFA9B7B}"
EndProject
Project("{9A19103F-16F7-4668-BE54-9A1E7A4F7556}") = "LinqExample", "LinqExample\LinqExample.csproj", "{5CD5C052-3057-4A13-AD7D-80E5031959E5}"
EndProject
Project("{9A19103F-16F7-4668-BE54-9A1E7A4F7556}") = "stringCount", "stringCount\stringCount.csproj", "{D4C8751C-CC50-4B3A-B959-92FCCB29CB7B}"
EndProject
Project("{9A19103F-16F7-4668-BE54-9A1E7A4F7556}") = "UppercaseLowercase", "UppercaseLowercase\UppercaseLowercase.csproj", "{29564E59-6C8F-40C5-B4BE-28FB260F682C}"
EndProject
Project("{9A19103F-16F7-4668-BE54-9A1E7A4F7556}") = "weekNamePrint", "weekNamePrint\weekNamePrint.csproj", "{419A49FA-7BED-4A94-A771-6933C6542E7D}"
EndProject
Project("{2150E333-8FDC-42A3-9474-1A3956D46DE8}") = "class4", "class4", "{B657C177-588F-4961-8D1B-21EB3A65FA5A}"
EndProject
Project("{2150E333-8FDC-42A3-9474-1A3956D46DE8}") = "Thread", "Thread", "{CFA352BC-9C06-4E4D-A932-D892A7246702}"
EndProject
Project("{9A19103F-16F7-4668-BE54-9A1E7A4F7556}") = "ThreadEx", "Thread\ThreadEx.csproj", "{20393097-959E-4C34-8C5B-AE96A1F91E45}"
EndProject
Project("{FAE04EC0-301F-11D3-BF4B-00C04F79EFBC}") = "EventExamole3", "EventExamole3\EventExamole3.csproj", "{EAA18EA9-BF1A-4DDD-85B1-BD0CE253CD54}"
EndProject
Global
	GlobalSection(SolutionConfigurationPlatforms) = preSolution
		Debug|Any CPU = Debug|Any CPU
		Release|Any CPU = Release|Any CPU
	EndGlobalSection
	GlobalSection(ProjectConfigurationPlatforms) = postSolution
		{E5266201-0659-4BD8-9F30-53EC7467FB9D}.Debug|Any CPU.ActiveCfg = Debug|Any CPU
		{E5266201-0659-4BD8-9F30-53EC7467FB9D}.Debug|Any CPU.Build.0 = Debug|Any CPU
		{E5266201-0659-4BD8-9F30-53EC7467FB9D}.Release|Any CPU.ActiveCfg = Release|Any CPU
		{E5266201-0659-4BD8-9F30-53EC7467FB9D}.Release|Any CPU.Build.0 = Release|Any CPU
		{311D6386-7CE4-4D03-BA96-D692CFC18B9D}.Debug|Any CPU.ActiveCfg = Debug|Any CPU
		{311D6386-7CE4-4D03-BA96-D692CFC18B9D}.Debug|Any CPU.Build.0 = Debug|Any CPU
		{311D6386-7CE4-4D03-BA96-D692CFC18B9D}.Release|Any CPU.ActiveCfg = Release|Any CPU
		{311D6386-7CE4-4D03-BA96-D692CFC18B9D}.Release|Any CPU.Build.0 = Release|Any CPU
		{7F342890-D2B4-4A55-91B3-17901EFA9B7B}.Debug|Any CPU.ActiveCfg = Debug|Any CPU
		{7F342890-D2B4-4A55-91B3-17901EFA9B7B}.Debug|Any CPU.Build.0 = Debug|Any CPU
		{7F342890-D2B4-4A55-91B3-17901EFA9B7B}.Release|Any CPU.ActiveCfg = Release|Any CPU
		{7F342890-D2B4-4A55-91B3-17901EFA9B7B}.Release|Any CPU.Build.0 = Release|Any CPU
		{5CD5C052-3057-4A13-AD7D-80E5031959E5}.Debug|Any CPU.ActiveCfg = Debug|Any CPU
		{5CD5C052-3057-4A13-AD7D-80E5031959E5}.Debug|Any CPU.Build.0 = Debug|Any CPU
		{5CD5C052-3057-4A13-AD7D-80E5031959E5}.Release|Any CPU.ActiveCfg = Release|Any CPU
		{5CD5C052-3057-4A13-AD7D-80E5031959E5}.Release|Any CPU.Build.0 = Release|Any CPU
		{D4C8751C-CC50-4B3A-B959-92FCCB29CB7B}.Debug|Any CPU.ActiveCfg = Debug|Any CPU
		{D4C8751C-CC50-4B3A-B959-92FCCB29CB7B}.Debug|Any CPU.Build.0 = Debug|Any CPU
		{D4C8751C-CC50-4B3A-B959-92FCCB29CB7B}.Release|Any CPU.ActiveCfg = Release|Any CPU
		{D4C8751C-CC50-4B3A-B959-92FCCB29CB7B}.Release|Any CPU.Build.0 = Release|Any CPU
		{29564E59-6C8F-40C5-B4BE-28FB260F682C}.Debug|Any CPU.ActiveCfg = Debug|Any CPU
		{29564E59-6C8F-40C5-B4BE-28FB260F682C}.Debug|Any CPU.Build.0 = Debug|Any CPU
		{29564E59-6C8F-40C5-B4BE-28FB260F682C}.Release|Any CPU.ActiveCfg = Release|Any CPU
		{29564E59-6C8F-40C5-B4BE-28FB260F682C}.Release|Any CPU.Build.0 = Release|Any CPU
		{419A49FA-7BED-4A94-A771-6933C6542E7D}.Debug|Any CPU.ActiveCfg = Debug|Any CPU
		{419A49FA-7BED-4A94-A771-6933C6542E7D}.Debug|Any CPU.Build.0 = Debug|Any CPU
		{419A49FA-7BED-4A94-A771-6933C6542E7D}.Release|Any CPU.ActiveCfg = Release|Any CPU
		{419A49FA-7BED-4A94-A771-6933C6542E7D}.Release|Any CPU.Build.0 = Release|Any CPU
		{20393097-959E-4C34-8C5B-AE96A1F91E45}.Debug|Any CPU.ActiveCfg = Debug|Any CPU
		{20393097-959E-4C34-8C5B-AE96A1F91E45}.Debug|Any CPU.Build.0 = Debug|Any CPU
		{20393097-959E-4C34-8C5B-AE96A1F91E45}.Release|Any CPU.ActiveCfg = Release|Any CPU
		{20393097-959E-4C34-8C5B-AE96A1F91E45}.Release|Any CPU.Build.0 = Release|Any CPU
		{EAA18EA9-BF1A-4DDD-85B1-BD0CE253CD54}.Debug|Any CPU.ActiveCfg = Debug|Any CPU
		{EAA18EA9-BF1A-4DDD-85B1-BD0CE253CD54}.Debug|Any CPU.Build.0 = Debug|Any CPU
		{EAA18EA9-BF1A-4DDD-85B1-BD0CE253CD54}.Release|Any CPU.ActiveCfg = Release|Any CPU
		{EAA18EA9-BF1A-4DDD-85B1-BD0CE253CD54}.Release|Any CPU.Build.0 = Release|Any CPU
	EndGlobalSection
	GlobalSection(SolutionProperties) = preSolution
		HideSolutionNode = FALSE
	EndGlobalSection
	GlobalSection(NestedProjects) = preSolution
		{E5266201-0659-4BD8-9F30-53EC7467FB9D} = {658713D3-CC9D-4944-ADA2-D3F04AD44322}
		{311D6386-7CE4-4D03-BA96-D692CFC18B9D} = {658713D3-CC9D-4944-ADA2-D3F04AD44322}
		{658713D3-CC9D-4944-ADA2-D3F04AD44322} = {E6C521AA-65E3-41F8-A831-F7BADBC68DEA}
		{E70D915E-5702-4AA8-8580-D8B6C6053C94} = {5038F1E5-7A8E-4051-8F60-1095E9197ABA}
		{7F342890-D2B4-4A55-91B3-17901EFA9B7B} = {E70D915E-5702-4AA8-8580-D8B6C6053C94}
		{5CD5C052-3057-4A13-AD7D-80E5031959E5} = {E70D915E-5702-4AA8-8580-D8B6C6053C94}
		{D4C8751C-CC50-4B3A-B959-92FCCB29CB7B} = {E70D915E-5702-4AA8-8580-D8B6C6053C94}
		{29564E59-6C8F-40C5-B4BE-28FB260F682C} = {E70D915E-5702-4AA8-8580-D8B6C6053C94}
		{419A49FA-7BED-4A94-A771-6933C6542E7D} = {E70D915E-5702-4AA8-8580-D8B6C6053C94}
		{CFA352BC-9C06-4E4D-A932-D892A7246702} = {E6C521AA-65E3-41F8-A831-F7BADBC68DEA}
		{20393097-959E-4C34-8C5B-AE96A1F91E45} = {CFA352BC-9C06-4E4D-A932-D892A7246702}
		{EAA18EA9-BF1A-4DDD-85B1-BD0CE253CD54} = {658713D3-CC9D-4944-ADA2-D3F04AD44322}
	EndGlobalSection
	GlobalSection(ExtensibilityGlobals) = postSolution
		SolutionGuid = {3D0BC160-801D-4EA9-9079-364C25D5DDCE}
	EndGlobalSection
EndGlobal
