
Microsoft Visual Studio Solution File, Format Version 12.00
# Visual Studio Version 16
VisualStudioVersion = 16.0.31424.327
MinimumVisualStudioVersion = 10.0.40219.1
Project("{FAE04EC0-301F-11D3-BF4B-00C04F79EFBC}") = "MVC", "MVC\MVC.csproj", "{0C36F49E-254D-4E00-A57E-5E0037FE9CC4}"
EndProject
Project("{FAE04EC0-301F-11D3-BF4B-00C04F79EFBC}") = "MVC.Training", "MVC.Training\MVC.Training.csproj", "{D47775F3-95DF-4CA6-A4AF-6CA49BBBC147}"
EndProject
Project("{FAE04EC0-301F-11D3-BF4B-00C04F79EFBC}") = "MVC.Data", "MVC.Data\MVC.Data.csproj", "{70D9AA4B-F667-41C6-8C0E-8EF97014FA55}"
EndProject
Global
	GlobalSection(SolutionConfigurationPlatforms) = preSolution
		Debug|Any CPU = Debug|Any CPU
		Release|Any CPU = Release|Any CPU
	EndGlobalSection
	GlobalSection(ProjectConfigurationPlatforms) = postSolution
		{0C36F49E-254D-4E00-A57E-5E0037FE9CC4}.Debug|Any CPU.ActiveCfg = Debug|Any CPU
		{0C36F49E-254D-4E00-A57E-5E0037FE9CC4}.Debug|Any CPU.Build.0 = Debug|Any CPU
		{0C36F49E-254D-4E00-A57E-5E0037FE9CC4}.Release|Any CPU.ActiveCfg = Release|Any CPU
		{0C36F49E-254D-4E00-A57E-5E0037FE9CC4}.Release|Any CPU.Build.0 = Release|Any CPU
		{D47775F3-95DF-4CA6-A4AF-6CA49BBBC147}.Debug|Any CPU.ActiveCfg = Debug|Any CPU
		{D47775F3-95DF-4CA6-A4AF-6CA49BBBC147}.Debug|Any CPU.Build.0 = Debug|Any CPU
		{D47775F3-95DF-4CA6-A4AF-6CA49BBBC147}.Release|Any CPU.ActiveCfg = Release|Any CPU
		{D47775F3-95DF-4CA6-A4AF-6CA49BBBC147}.Release|Any CPU.Build.0 = Release|Any CPU
		{70D9AA4B-F667-41C6-8C0E-8EF97014FA55}.Debug|Any CPU.ActiveCfg = Debug|Any CPU
		{70D9AA4B-F667-41C6-8C0E-8EF97014FA55}.Debug|Any CPU.Build.0 = Debug|Any CPU
		{70D9AA4B-F667-41C6-8C0E-8EF97014FA55}.Release|Any CPU.ActiveCfg = Release|Any CPU
		{70D9AA4B-F667-41C6-8C0E-8EF97014FA55}.Release|Any CPU.Build.0 = Release|Any CPU
	EndGlobalSection
	GlobalSection(SolutionProperties) = preSolution
		HideSolutionNode = FALSE
	EndGlobalSection
	GlobalSection(ExtensibilityGlobals) = postSolution
		SolutionGuid = {8532EA13-A223-4E81-882B-33B1BBD0A3C8}
	EndGlobalSection
EndGlobal
