
Microsoft Visual Studio Solution File, Format Version 12.00
# Visual Studio Version 16
VisualStudioVersion = 16.0.31205.134
MinimumVisualStudioVersion = 10.0.40219.1
Project("{FAE04EC0-301F-11D3-BF4B-00C04F79EFBC}") = "HtmlAndTagHelper", "HtmlAndTagHelper\HtmlAndTagHelper.csproj", "{99E3068C-FAF4-4BC6-9382-910378A3C7D6}"
EndProject
Global
	GlobalSection(SolutionConfigurationPlatforms) = preSolution
		Debug|Any CPU = Debug|Any CPU
		Release|Any CPU = Release|Any CPU
	EndGlobalSection
	GlobalSection(ProjectConfigurationPlatforms) = postSolution
		{99E3068C-FAF4-4BC6-9382-910378A3C7D6}.Debug|Any CPU.ActiveCfg = Debug|Any CPU
		{99E3068C-FAF4-4BC6-9382-910378A3C7D6}.Debug|Any CPU.Build.0 = Debug|Any CPU
		{99E3068C-FAF4-4BC6-9382-910378A3C7D6}.Release|Any CPU.ActiveCfg = Release|Any CPU
		{99E3068C-FAF4-4BC6-9382-910378A3C7D6}.Release|Any CPU.Build.0 = Release|Any CPU
	EndGlobalSection
	GlobalSection(SolutionProperties) = preSolution
		HideSolutionNode = FALSE
	EndGlobalSection
	GlobalSection(ExtensibilityGlobals) = postSolution
		SolutionGuid = {4072094B-3554-4AD9-9A94-36737B3B216E}
	EndGlobalSection
EndGlobal
