
Microsoft Visual Studio Solution File, Format Version 12.00
# Visual Studio Version 16
VisualStudioVersion = 16.0.31205.134
MinimumVisualStudioVersion = 10.0.40219.1
Project("{9092AA53-FB77-4645-B42D-1CCCA6BD08BD}") = "Demo", "Demo\Demo.njsproj", "{1712B2FC-1BAB-4DF6-A889-2AEB1EF50C02}"
EndProject
Global
	GlobalSection(SolutionConfigurationPlatforms) = preSolution
		Debug|Any CPU = Debug|Any CPU
		Release|Any CPU = Release|Any CPU
	EndGlobalSection
	GlobalSection(ProjectConfigurationPlatforms) = postSolution
		{1712B2FC-1BAB-4DF6-A889-2AEB1EF50C02}.Debug|Any CPU.ActiveCfg = Debug|Any CPU
		{1712B2FC-1BAB-4DF6-A889-2AEB1EF50C02}.Debug|Any CPU.Build.0 = Debug|Any CPU
		{1712B2FC-1BAB-4DF6-A889-2AEB1EF50C02}.Release|Any CPU.ActiveCfg = Release|Any CPU
		{1712B2FC-1BAB-4DF6-A889-2AEB1EF50C02}.Release|Any CPU.Build.0 = Release|Any CPU
	EndGlobalSection
	GlobalSection(SolutionProperties) = preSolution
		HideSolutionNode = FALSE
	EndGlobalSection
	GlobalSection(ExtensibilityGlobals) = postSolution
		SolutionGuid = {B67F1F3D-EA87-4E6E-ADAF-24F61AD6F331}
	EndGlobalSection
EndGlobal
