
Microsoft Visual Studio Solution File, Format Version 12.00
# Visual Studio Version 16
VisualStudioVersion = 16.0.31321.278
MinimumVisualStudioVersion = 10.0.40219.1
Project("{9A19103F-16F7-4668-BE54-9A1E7A4F7556}") = "SqlDatabase", "SqlDatabase\SqlDatabase.csproj", "{1F62FEE7-B49A-47E1-8815-A4BF561428D0}"
EndProject
Project("{FAE04EC0-301F-11D3-BF4B-00C04F79EFBC}") = "SqlWithReflection", "SqlWithReflection\SqlWithReflection.csproj", "{61827469-7EDB-470F-AE8B-529757A6F695}"
EndProject
Global
	GlobalSection(SolutionConfigurationPlatforms) = preSolution
		Debug|Any CPU = Debug|Any CPU
		Release|Any CPU = Release|Any CPU
	EndGlobalSection
	GlobalSection(ProjectConfigurationPlatforms) = postSolution
		{1F62FEE7-B49A-47E1-8815-A4BF561428D0}.Debug|Any CPU.ActiveCfg = Debug|Any CPU
		{1F62FEE7-B49A-47E1-8815-A4BF561428D0}.Debug|Any CPU.Build.0 = Debug|Any CPU
		{1F62FEE7-B49A-47E1-8815-A4BF561428D0}.Release|Any CPU.ActiveCfg = Release|Any CPU
		{1F62FEE7-B49A-47E1-8815-A4BF561428D0}.Release|Any CPU.Build.0 = Release|Any CPU
		{61827469-7EDB-470F-AE8B-529757A6F695}.Debug|Any CPU.ActiveCfg = Debug|Any CPU
		{61827469-7EDB-470F-AE8B-529757A6F695}.Debug|Any CPU.Build.0 = Debug|Any CPU
		{61827469-7EDB-470F-AE8B-529757A6F695}.Release|Any CPU.ActiveCfg = Release|Any CPU
		{61827469-7EDB-470F-AE8B-529757A6F695}.Release|Any CPU.Build.0 = Release|Any CPU
	EndGlobalSection
	GlobalSection(SolutionProperties) = preSolution
		HideSolutionNode = FALSE
	EndGlobalSection
	GlobalSection(ExtensibilityGlobals) = postSolution
		SolutionGuid = {7F934C64-4EC9-4792-9D9D-84CD4D36974E}
	EndGlobalSection
EndGlobal
