
Microsoft Visual Studio Solution File, Format Version 12.00
# Visual Studio Version 16
VisualStudioVersion = 16.0.31424.327
MinimumVisualStudioVersion = 10.0.40219.1
Project("{FAE04EC0-301F-11D3-BF4B-00C04F79EFBC}") = "TimeChallenge.Web", "TimeChallenge.Web\TimeChallenge.Web.csproj", "{F91D8AC3-ACD0-46E6-A6C5-213C72CF043E}"
EndProject
Project("{FAE04EC0-301F-11D3-BF4B-00C04F79EFBC}") = "TimeChallenge.Data", "TimeChallenge.Data\TimeChallenge.Data.csproj", "{B2A67C7A-5902-453C-8F32-BA0ADC2BF36F}"
EndProject
Project("{FAE04EC0-301F-11D3-BF4B-00C04F79EFBC}") = "TimeChallenge.User", "TimeChallenge.User\TimeChallenge.User.csproj", "{6A99747F-0C3A-40A6-8DEC-9B54EE3B97CE}"
EndProject
Global
	GlobalSection(SolutionConfigurationPlatforms) = preSolution
		Debug|Any CPU = Debug|Any CPU
		Release|Any CPU = Release|Any CPU
	EndGlobalSection
	GlobalSection(ProjectConfigurationPlatforms) = postSolution
		{F91D8AC3-ACD0-46E6-A6C5-213C72CF043E}.Debug|Any CPU.ActiveCfg = Debug|Any CPU
		{F91D8AC3-ACD0-46E6-A6C5-213C72CF043E}.Debug|Any CPU.Build.0 = Debug|Any CPU
		{F91D8AC3-ACD0-46E6-A6C5-213C72CF043E}.Release|Any CPU.ActiveCfg = Release|Any CPU
		{F91D8AC3-ACD0-46E6-A6C5-213C72CF043E}.Release|Any CPU.Build.0 = Release|Any CPU
		{B2A67C7A-5902-453C-8F32-BA0ADC2BF36F}.Debug|Any CPU.ActiveCfg = Debug|Any CPU
		{B2A67C7A-5902-453C-8F32-BA0ADC2BF36F}.Debug|Any CPU.Build.0 = Debug|Any CPU
		{B2A67C7A-5902-453C-8F32-BA0ADC2BF36F}.Release|Any CPU.ActiveCfg = Release|Any CPU
		{B2A67C7A-5902-453C-8F32-BA0ADC2BF36F}.Release|Any CPU.Build.0 = Release|Any CPU
		{6A99747F-0C3A-40A6-8DEC-9B54EE3B97CE}.Debug|Any CPU.ActiveCfg = Debug|Any CPU
		{6A99747F-0C3A-40A6-8DEC-9B54EE3B97CE}.Debug|Any CPU.Build.0 = Debug|Any CPU
		{6A99747F-0C3A-40A6-8DEC-9B54EE3B97CE}.Release|Any CPU.ActiveCfg = Release|Any CPU
		{6A99747F-0C3A-40A6-8DEC-9B54EE3B97CE}.Release|Any CPU.Build.0 = Release|Any CPU
	EndGlobalSection
	GlobalSection(SolutionProperties) = preSolution
		HideSolutionNode = FALSE
	EndGlobalSection
	GlobalSection(ExtensibilityGlobals) = postSolution
		SolutionGuid = {E16747BF-22EE-4650-AA07-8428EEF435B7}
	EndGlobalSection
EndGlobal
