
Microsoft Visual Studio Solution File, Format Version 12.00
# Visual Studio Version 16
VisualStudioVersion = 16.0.31205.134
MinimumVisualStudioVersion = 10.0.40219.1
Project("{9A19103F-16F7-4668-BE54-9A1E7A4F7556}") = "BootstrapTemplateEdit", "BootstrapTemplateEdit\BootstrapTemplateEdit.csproj", "{38DE7A8F-2F34-4E18-8E95-059643A7AC92}"
EndProject
Project("{FAE04EC0-301F-11D3-BF4B-00C04F79EFBC}") = "BootstrapPractices_v2", "BootstrapPractices_v2\BootstrapPractices_v2.csproj", "{2EE46756-E943-4D10-8AC2-525BFCDF99B2}"
EndProject
Global
	GlobalSection(SolutionConfigurationPlatforms) = preSolution
		Debug|Any CPU = Debug|Any CPU
		Release|Any CPU = Release|Any CPU
	EndGlobalSection
	GlobalSection(ProjectConfigurationPlatforms) = postSolution
		{38DE7A8F-2F34-4E18-8E95-059643A7AC92}.Debug|Any CPU.ActiveCfg = Debug|Any CPU
		{38DE7A8F-2F34-4E18-8E95-059643A7AC92}.Debug|Any CPU.Build.0 = Debug|Any CPU
		{38DE7A8F-2F34-4E18-8E95-059643A7AC92}.Release|Any CPU.ActiveCfg = Release|Any CPU
		{38DE7A8F-2F34-4E18-8E95-059643A7AC92}.Release|Any CPU.Build.0 = Release|Any CPU
		{2EE46756-E943-4D10-8AC2-525BFCDF99B2}.Debug|Any CPU.ActiveCfg = Debug|Any CPU
		{2EE46756-E943-4D10-8AC2-525BFCDF99B2}.Debug|Any CPU.Build.0 = Debug|Any CPU
		{2EE46756-E943-4D10-8AC2-525BFCDF99B2}.Release|Any CPU.ActiveCfg = Release|Any CPU
		{2EE46756-E943-4D10-8AC2-525BFCDF99B2}.Release|Any CPU.Build.0 = Release|Any CPU
	EndGlobalSection
	GlobalSection(SolutionProperties) = preSolution
		HideSolutionNode = FALSE
	EndGlobalSection
	GlobalSection(ExtensibilityGlobals) = postSolution
		SolutionGuid = {CD7B5D8E-4D9C-48B9-9A59-C6E85EA1E1C4}
	EndGlobalSection
EndGlobal
