
Microsoft Visual Studio Solution File, Format Version 12.00
# Visual Studio Version 16
VisualStudioVersion = 16.0.31129.286
MinimumVisualStudioVersion = 10.0.40219.1
Project("{FAE04EC0-301F-11D3-BF4B-00C04F79EFBC}") = "TicketBookingSystem.Web", "TicketBookingSystem.Web\TicketBookingSystem.Web.csproj", "{B033B8E3-95B1-4E2C-B7C4-00CFAF7C4B32}"
EndProject
Project("{FAE04EC0-301F-11D3-BF4B-00C04F79EFBC}") = "TicketBookingSystem.Booking", "TicketBookingSystem.Booking\TicketBookingSystem.Booking.csproj", "{512FA9CA-DDFA-470B-B221-FB368C44271B}"
EndProject
Project("{FAE04EC0-301F-11D3-BF4B-00C04F79EFBC}") = "TicketBookingSystem.Data", "TicketBookingSystem.Data\TicketBookingSystem.Data.csproj", "{AA428612-7DB7-4CED-B5A3-3744502DE367}"
EndProject
Global
	GlobalSection(SolutionConfigurationPlatforms) = preSolution
		Debug|Any CPU = Debug|Any CPU
		Release|Any CPU = Release|Any CPU
	EndGlobalSection
	GlobalSection(ProjectConfigurationPlatforms) = postSolution
		{B033B8E3-95B1-4E2C-B7C4-00CFAF7C4B32}.Debug|Any CPU.ActiveCfg = Debug|Any CPU
		{B033B8E3-95B1-4E2C-B7C4-00CFAF7C4B32}.Debug|Any CPU.Build.0 = Debug|Any CPU
		{B033B8E3-95B1-4E2C-B7C4-00CFAF7C4B32}.Release|Any CPU.ActiveCfg = Release|Any CPU
		{B033B8E3-95B1-4E2C-B7C4-00CFAF7C4B32}.Release|Any CPU.Build.0 = Release|Any CPU
		{512FA9CA-DDFA-470B-B221-FB368C44271B}.Debug|Any CPU.ActiveCfg = Debug|Any CPU
		{512FA9CA-DDFA-470B-B221-FB368C44271B}.Debug|Any CPU.Build.0 = Debug|Any CPU
		{512FA9CA-DDFA-470B-B221-FB368C44271B}.Release|Any CPU.ActiveCfg = Release|Any CPU
		{512FA9CA-DDFA-470B-B221-FB368C44271B}.Release|Any CPU.Build.0 = Release|Any CPU
		{AA428612-7DB7-4CED-B5A3-3744502DE367}.Debug|Any CPU.ActiveCfg = Debug|Any CPU
		{AA428612-7DB7-4CED-B5A3-3744502DE367}.Debug|Any CPU.Build.0 = Debug|Any CPU
		{AA428612-7DB7-4CED-B5A3-3744502DE367}.Release|Any CPU.ActiveCfg = Release|Any CPU
		{AA428612-7DB7-4CED-B5A3-3744502DE367}.Release|Any CPU.Build.0 = Release|Any CPU
	EndGlobalSection
	GlobalSection(SolutionProperties) = preSolution
		HideSolutionNode = FALSE
	EndGlobalSection
	GlobalSection(ExtensibilityGlobals) = postSolution
		SolutionGuid = {90D51EFE-BD13-42A5-B27F-94086167F655}
	EndGlobalSection
EndGlobal
