
Microsoft Visual Studio Solution File, Format Version 12.00
# Visual Studio Version 16
VisualStudioVersion = 16.0.31205.134
MinimumVisualStudioVersion = 10.0.40219.1
Project("{FAE04EC0-301F-11D3-BF4B-00C04F79EFBC}") = "Task_1", "Task_1\Task_1.csproj", "{3DB8F7B4-EB64-4EE8-9C49-207658568400}"
EndProject
Project("{FAE04EC0-301F-11D3-BF4B-00C04F79EFBC}") = "Task_4", "Task_4\Task_4.csproj", "{ABFFFA8F-2DC6-4F11-98FD-046539A1AFA3}"
EndProject
Project("{FAE04EC0-301F-11D3-BF4B-00C04F79EFBC}") = "Task_3", "Task_3\Task_3.csproj", "{1223B953-C2CF-4128-A1F8-7D45BDE71F64}"
EndProject
Project("{FAE04EC0-301F-11D3-BF4B-00C04F79EFBC}") = "Task_2", "Task_2\Task_2.csproj", "{3357515A-F723-4FD3-BB97-903D1003B3B3}"
EndProject
Global
	GlobalSection(SolutionConfigurationPlatforms) = preSolution
		Debug|Any CPU = Debug|Any CPU
		Release|Any CPU = Release|Any CPU
	EndGlobalSection
	GlobalSection(ProjectConfigurationPlatforms) = postSolution
		{3DB8F7B4-EB64-4EE8-9C49-207658568400}.Debug|Any CPU.ActiveCfg = Debug|Any CPU
		{3DB8F7B4-EB64-4EE8-9C49-207658568400}.Debug|Any CPU.Build.0 = Debug|Any CPU
		{3DB8F7B4-EB64-4EE8-9C49-207658568400}.Release|Any CPU.ActiveCfg = Release|Any CPU
		{3DB8F7B4-EB64-4EE8-9C49-207658568400}.Release|Any CPU.Build.0 = Release|Any CPU
		{ABFFFA8F-2DC6-4F11-98FD-046539A1AFA3}.Debug|Any CPU.ActiveCfg = Debug|Any CPU
		{ABFFFA8F-2DC6-4F11-98FD-046539A1AFA3}.Debug|Any CPU.Build.0 = Debug|Any CPU
		{ABFFFA8F-2DC6-4F11-98FD-046539A1AFA3}.Release|Any CPU.ActiveCfg = Release|Any CPU
		{ABFFFA8F-2DC6-4F11-98FD-046539A1AFA3}.Release|Any CPU.Build.0 = Release|Any CPU
		{1223B953-C2CF-4128-A1F8-7D45BDE71F64}.Debug|Any CPU.ActiveCfg = Debug|Any CPU
		{1223B953-C2CF-4128-A1F8-7D45BDE71F64}.Debug|Any CPU.Build.0 = Debug|Any CPU
		{1223B953-C2CF-4128-A1F8-7D45BDE71F64}.Release|Any CPU.ActiveCfg = Release|Any CPU
		{1223B953-C2CF-4128-A1F8-7D45BDE71F64}.Release|Any CPU.Build.0 = Release|Any CPU
		{3357515A-F723-4FD3-BB97-903D1003B3B3}.Debug|Any CPU.ActiveCfg = Debug|Any CPU
		{3357515A-F723-4FD3-BB97-903D1003B3B3}.Debug|Any CPU.Build.0 = Debug|Any CPU
		{3357515A-F723-4FD3-BB97-903D1003B3B3}.Release|Any CPU.ActiveCfg = Release|Any CPU
		{3357515A-F723-4FD3-BB97-903D1003B3B3}.Release|Any CPU.Build.0 = Release|Any CPU
	EndGlobalSection
	GlobalSection(SolutionProperties) = preSolution
		HideSolutionNode = FALSE
	EndGlobalSection
	GlobalSection(ExtensibilityGlobals) = postSolution
		SolutionGuid = {68CC2928-45D4-4111-91E3-30427004F8B4}
	EndGlobalSection
EndGlobal
